
Microsoft Visual Studio Solution File, Format Version 12.00
# Visual Studio Version 17
VisualStudioVersion = 17.12.35527.113 d17.12
MinimumVisualStudioVersion = 10.0.40219.1
Project("{FAE04EC0-301F-11D3-BF4B-00C04F79EFBC}") = "DynamicTimeTableGenerator", "DynamicTimeTableGenerator\DynamicTimeTableGenerator.csproj", "{023BD1D2-0DD4-4133-A43D-29C9DC024F8C}"
EndProject
Project("{FAE04EC0-301F-11D3-BF4B-00C04F79EFBC}") = "DynamicTimeTableGenerator.Model", "DynamicTimeTableGenerator.Model\DynamicTimeTableGenerator.Model.csproj", "{58473763-0607-42F0-9EC9-F6D0A7BA065D}"
EndProject
Global
	GlobalSection(SolutionConfigurationPlatforms) = preSolution
		Debug|Any CPU = Debug|Any CPU
		Release|Any CPU = Release|Any CPU
	EndGlobalSection
	GlobalSection(ProjectConfigurationPlatforms) = postSolution
		{023BD1D2-0DD4-4133-A43D-29C9DC024F8C}.Debug|Any CPU.ActiveCfg = Debug|Any CPU
		{023BD1D2-0DD4-4133-A43D-29C9DC024F8C}.Debug|Any CPU.Build.0 = Debug|Any CPU
		{023BD1D2-0DD4-4133-A43D-29C9DC024F8C}.Release|Any CPU.ActiveCfg = Release|Any CPU
		{023BD1D2-0DD4-4133-A43D-29C9DC024F8C}.Release|Any CPU.Build.0 = Release|Any CPU
		{58473763-0607-42F0-9EC9-F6D0A7BA065D}.Debug|Any CPU.ActiveCfg = Debug|Any CPU
		{58473763-0607-42F0-9EC9-F6D0A7BA065D}.Debug|Any CPU.Build.0 = Debug|Any CPU
		{58473763-0607-42F0-9EC9-F6D0A7BA065D}.Release|Any CPU.ActiveCfg = Release|Any CPU
		{58473763-0607-42F0-9EC9-F6D0A7BA065D}.Release|Any CPU.Build.0 = Release|Any CPU
	EndGlobalSection
	GlobalSection(SolutionProperties) = preSolution
		HideSolutionNode = FALSE
	EndGlobalSection
EndGlobal
